
Microsoft Visual Studio Solution File, Format Version 12.00
# Visual Studio Version 16
VisualStudioVersion = 16.0.30225.117
MinimumVisualStudioVersion = 10.0.40219.1
Project("{FAE04EC0-301F-11D3-BF4B-00C04F79EFBC}") = "GettingStarted.Server", "GettingStarted\Server\GettingStarted.Server.csproj", "{36C2A7E7-6473-4CCE-A434-F840AA5D950A}"
EndProject
Project("{FAE04EC0-301F-11D3-BF4B-00C04F79EFBC}") = "GettingStarted.Client", "GettingStarted\Client\GettingStarted.Client.csproj", "{E4D9E353-4C29-401B-9B58-D348879BCA42}"
EndProject
Project("{FAE04EC0-301F-11D3-BF4B-00C04F79EFBC}") = "GettingStarted.Shared", "GettingStarted\Shared\GettingStarted.Shared.csproj", "{8206D204-03F6-41B7-A805-B45146BE023B}"
EndProject
Global
	GlobalSection(SolutionConfigurationPlatforms) = preSolution
		Debug|Any CPU = Debug|Any CPU
		Release|Any CPU = Release|Any CPU
	EndGlobalSection
	GlobalSection(ProjectConfigurationPlatforms) = postSolution
		{36C2A7E7-6473-4CCE-A434-F840AA5D950A}.Debug|Any CPU.ActiveCfg = Debug|Any CPU
		{36C2A7E7-6473-4CCE-A434-F840AA5D950A}.Debug|Any CPU.Build.0 = Debug|Any CPU
		{36C2A7E7-6473-4CCE-A434-F840AA5D950A}.Release|Any CPU.ActiveCfg = Release|Any CPU
		{36C2A7E7-6473-4CCE-A434-F840AA5D950A}.Release|Any CPU.Build.0 = Release|Any CPU
		{E4D9E353-4C29-401B-9B58-D348879BCA42}.Debug|Any CPU.ActiveCfg = Debug|Any CPU
		{E4D9E353-4C29-401B-9B58-D348879BCA42}.Debug|Any CPU.Build.0 = Debug|Any CPU
		{E4D9E353-4C29-401B-9B58-D348879BCA42}.Release|Any CPU.ActiveCfg = Release|Any CPU
		{E4D9E353-4C29-401B-9B58-D348879BCA42}.Release|Any CPU.Build.0 = Release|Any CPU
		{8206D204-03F6-41B7-A805-B45146BE023B}.Debug|Any CPU.ActiveCfg = Debug|Any CPU
		{8206D204-03F6-41B7-A805-B45146BE023B}.Debug|Any CPU.Build.0 = Debug|Any CPU
		{8206D204-03F6-41B7-A805-B45146BE023B}.Release|Any CPU.ActiveCfg = Release|Any CPU
		{8206D204-03F6-41B7-A805-B45146BE023B}.Release|Any CPU.Build.0 = Release|Any CPU
	EndGlobalSection
	GlobalSection(SolutionProperties) = preSolution
		HideSolutionNode = FALSE
	EndGlobalSection
	GlobalSection(ExtensibilityGlobals) = postSolution
		SolutionGuid = {E4BA320F-6323-4A39-84FF-0B68457F0148}
	EndGlobalSection
EndGlobal
