
Microsoft Visual Studio Solution File, Format Version 12.00
# Visual Studio Version 17
VisualStudioVersion = 17.13.35825.156 d17.13
MinimumVisualStudioVersion = 10.0.40219.1
Project("{FAE04EC0-301F-11D3-BF4B-00C04F79EFBC}") = "LearnCopilotByExample", "LearnCopilotByExample\LearnCopilotByExample.csproj", "{5036DA16-B3C9-4E90-98A8-20B20283DCDA}"
EndProject
Project("{FAE04EC0-301F-11D3-BF4B-00C04F79EFBC}") = "WebApplication1", "WebApplication1\WebApplication1.csproj", "{4A2C66F9-933E-461E-8A1C-300D96E5C6A3}"
EndProject
Project("{FAE04EC0-301F-11D3-BF4B-00C04F79EFBC}") = "WeatherApp", "WeatherApp\WeatherApp.csproj", "{3FD98D5B-A4CD-4026-A029-2B7E88DDBCE2}"
EndProject
Project("{FAE04EC0-301F-11D3-BF4B-00C04F79EFBC}") = "ChatServer", "ChatServer\ChatServer.csproj", "{112B19C0-C4E4-46F9-9AAA-79D86F833FB7}"
EndProject
Project("{FAE04EC0-301F-11D3-BF4B-00C04F79EFBC}") = "ChatClient", "ChatClient\ChatClient.csproj", "{97DCEBB8-0F82-4938-AD35-5932031B145C}"
EndProject
Global
	GlobalSection(SolutionConfigurationPlatforms) = preSolution
		Debug|Any CPU = Debug|Any CPU
		Release|Any CPU = Release|Any CPU
	EndGlobalSection
	GlobalSection(ProjectConfigurationPlatforms) = postSolution
		{5036DA16-B3C9-4E90-98A8-20B20283DCDA}.Debug|Any CPU.ActiveCfg = Debug|Any CPU
		{5036DA16-B3C9-4E90-98A8-20B20283DCDA}.Debug|Any CPU.Build.0 = Debug|Any CPU
		{5036DA16-B3C9-4E90-98A8-20B20283DCDA}.Release|Any CPU.ActiveCfg = Release|Any CPU
		{5036DA16-B3C9-4E90-98A8-20B20283DCDA}.Release|Any CPU.Build.0 = Release|Any CPU
		{4A2C66F9-933E-461E-8A1C-300D96E5C6A3}.Debug|Any CPU.ActiveCfg = Debug|Any CPU
		{4A2C66F9-933E-461E-8A1C-300D96E5C6A3}.Debug|Any CPU.Build.0 = Debug|Any CPU
		{4A2C66F9-933E-461E-8A1C-300D96E5C6A3}.Release|Any CPU.ActiveCfg = Release|Any CPU
		{4A2C66F9-933E-461E-8A1C-300D96E5C6A3}.Release|Any CPU.Build.0 = Release|Any CPU
		{3FD98D5B-A4CD-4026-A029-2B7E88DDBCE2}.Debug|Any CPU.ActiveCfg = Debug|Any CPU
		{3FD98D5B-A4CD-4026-A029-2B7E88DDBCE2}.Debug|Any CPU.Build.0 = Debug|Any CPU
		{3FD98D5B-A4CD-4026-A029-2B7E88DDBCE2}.Release|Any CPU.ActiveCfg = Release|Any CPU
		{3FD98D5B-A4CD-4026-A029-2B7E88DDBCE2}.Release|Any CPU.Build.0 = Release|Any CPU
		{112B19C0-C4E4-46F9-9AAA-79D86F833FB7}.Debug|Any CPU.ActiveCfg = Debug|Any CPU
		{112B19C0-C4E4-46F9-9AAA-79D86F833FB7}.Debug|Any CPU.Build.0 = Debug|Any CPU
		{112B19C0-C4E4-46F9-9AAA-79D86F833FB7}.Release|Any CPU.ActiveCfg = Release|Any CPU
		{112B19C0-C4E4-46F9-9AAA-79D86F833FB7}.Release|Any CPU.Build.0 = Release|Any CPU
		{97DCEBB8-0F82-4938-AD35-5932031B145C}.Debug|Any CPU.ActiveCfg = Debug|Any CPU
		{97DCEBB8-0F82-4938-AD35-5932031B145C}.Debug|Any CPU.Build.0 = Debug|Any CPU
		{97DCEBB8-0F82-4938-AD35-5932031B145C}.Release|Any CPU.ActiveCfg = Release|Any CPU
		{97DCEBB8-0F82-4938-AD35-5932031B145C}.Release|Any CPU.Build.0 = Release|Any CPU
	EndGlobalSection
	GlobalSection(SolutionProperties) = preSolution
		HideSolutionNode = FALSE
	EndGlobalSection
	GlobalSection(ExtensibilityGlobals) = postSolution
		SolutionGuid = {B48258DB-E5A3-460D-A41C-FAD69A01F849}
	EndGlobalSection
EndGlobal
