
Microsoft Visual Studio Solution File, Format Version 12.00
# Visual Studio Version 16
VisualStudioVersion = 16.0.31624.102
MinimumVisualStudioVersion = 10.0.40219.1
Project("{FAE04EC0-301F-11D3-BF4B-00C04F79EFBC}") = "WinFormsApp1", "src\WinFormsApp1\WinFormsApp1.csproj", "{3CA66119-3ECD-4E53-AB87-E42FAA306124}"
EndProject
Project("{FAE04EC0-301F-11D3-BF4B-00C04F79EFBC}") = "ClassLibrary1", "src\ClassLibrary1\ClassLibrary1.csproj", "{7CA8D31A-B584-41A2-BF87-A4EE5701B6A6}"
EndProject
Global
	GlobalSection(SolutionConfigurationPlatforms) = preSolution
		Debug|Any CPU = Debug|Any CPU
		Debug|x64 = Debug|x64
		Release|Any CPU = Release|Any CPU
		Release|x64 = Release|x64
	EndGlobalSection
	GlobalSection(ProjectConfigurationPlatforms) = postSolution
		{3CA66119-3ECD-4E53-AB87-E42FAA306124}.Debug|Any CPU.ActiveCfg = Debug|Any CPU
		{3CA66119-3ECD-4E53-AB87-E42FAA306124}.Debug|Any CPU.Build.0 = Debug|Any CPU
		{3CA66119-3ECD-4E53-AB87-E42FAA306124}.Debug|x64.ActiveCfg = Debug|x64
		{3CA66119-3ECD-4E53-AB87-E42FAA306124}.Debug|x64.Build.0 = Debug|x64
		{3CA66119-3ECD-4E53-AB87-E42FAA306124}.Release|Any CPU.ActiveCfg = Release|Any CPU
		{3CA66119-3ECD-4E53-AB87-E42FAA306124}.Release|Any CPU.Build.0 = Release|Any CPU
		{3CA66119-3ECD-4E53-AB87-E42FAA306124}.Release|x64.ActiveCfg = Release|x64
		{3CA66119-3ECD-4E53-AB87-E42FAA306124}.Release|x64.Build.0 = Release|x64
		{7CA8D31A-B584-41A2-BF87-A4EE5701B6A6}.Debug|Any CPU.ActiveCfg = Debug|Any CPU
		{7CA8D31A-B584-41A2-BF87-A4EE5701B6A6}.Debug|Any CPU.Build.0 = Debug|Any CPU
		{7CA8D31A-B584-41A2-BF87-A4EE5701B6A6}.Debug|x64.ActiveCfg = Debug|Any CPU
		{7CA8D31A-B584-41A2-BF87-A4EE5701B6A6}.Debug|x64.Build.0 = Debug|Any CPU
		{7CA8D31A-B584-41A2-BF87-A4EE5701B6A6}.Release|Any CPU.ActiveCfg = Release|Any CPU
		{7CA8D31A-B584-41A2-BF87-A4EE5701B6A6}.Release|Any CPU.Build.0 = Release|Any CPU
		{7CA8D31A-B584-41A2-BF87-A4EE5701B6A6}.Release|x64.ActiveCfg = Release|Any CPU
		{7CA8D31A-B584-41A2-BF87-A4EE5701B6A6}.Release|x64.Build.0 = Release|Any CPU
	EndGlobalSection
	GlobalSection(SolutionProperties) = preSolution
		HideSolutionNode = FALSE
	EndGlobalSection
	GlobalSection(ExtensibilityGlobals) = postSolution
		SolutionGuid = {1E1E4E58-5767-466C-AADA-7DCA71FE5604}
	EndGlobalSection
EndGlobal
